<?xml version="1.0" encoding="utf-8"?>
<Project ToolsVersion="4.0" xmlns="http://schemas.microsoft.com/developer/msbuild/2003">
  <ItemGroup>
    <Filter Include="Source Files">
      <UniqueIdentifier>{4FC737F1-C7A5-4376-A066-2A32D752A2FF}</UniqueIdentifier>
      <Extensions>cpp;c;cc;cxx;c++;cppm;ixx;def;odl;idl;hpj;bat;asm;asmx</Extensions>
    </Filter>
    <Filter Include="Header Files">
      <UniqueIdentifier>{93995380-89BD-4b04-88EB-625FBE52EBFB}</UniqueIdentifier>
      <Extensions>h;hh;hpp;hxx;h++;hm;inl;inc;ipp;xsd</Extensions>
    </Filter>
    <Filter Include="Resource Files">
      <UniqueIdentifier>{67DA6AB6-F800-4c08-8B7A-83BB121AAD01}</UniqueIdentifier>
      <Extensions>rc;ico;cur;bmp;dlg;rc2;rct;bin;rgs;gif;jpg;jpeg;jpe;resx;tiff;tif;png;wav;mfcribbon-ms</Extensions>
    </Filter>
  </ItemGroup>
  <ItemGroup>
    <ClInclude Include="bg.h">
      <Filter>Header Files</Filter>
    </ClInclude>
    <ClInclude Include="bullet.h">
      <Filter>Header Files</Filter>
    </ClInclude>
    <ClInclude Include="controller.h">
      <Filter>Header Files</Filter>
    </ClInclude>
    <ClInclude Include="effect.h">
      <Filter>Header Files</Filter>
    </ClInclude>
    <ClInclude Include="enemy.h">
      <Filter>Header Files</Filter>
    </ClInclude>
    <ClInclude Include="explosion.h">
      <Filter>Header Files</Filter>
    </ClInclude>
    <ClInclude Include="fade.h">
      <Filter>Header Files</Filter>
    </ClInclude>
    <ClInclude Include="game.h">
      <Filter>Header Files</Filter>
    </ClInclude>
    <ClInclude Include="game_clear.h">
      <Filter>Header Files</Filter>
    </ClInclude>
    <ClInclude Include="game_over.h">
      <Filter>Header Files</Filter>
    </ClInclude>
    <ClInclude Include="input.h">
      <Filter>Header Files</Filter>
    </ClInclude>
    <ClInclude Include="item.h">
      <Filter>Header Files</Filter>
    </ClInclude>
    <ClInclude Include="keyboard.h">
      <Filter>Header Files</Filter>
    </ClInclude>
    <ClInclude Include="life.h">
      <Filter>Header Files</Filter>
    </ClInclude>
    <ClInclude Include="main.h">
      <Filter>Header Files</Filter>
    </ClInclude>
    <ClInclude Include="manager.h">
      <Filter>Header Files</Filter>
    </ClInclude>
    <ClInclude Include="pause.h">
      <Filter>Header Files</Filter>
    </ClInclude>
    <ClInclude Include="player.h">
      <Filter>Header Files</Filter>
    </ClInclude>
    <ClInclude Include="renderer.h">
      <Filter>Header Files</Filter>
    </ClInclude>
    <ClInclude Include="result.h">
      <Filter>Header Files</Filter>
    </ClInclude>
    <ClInclude Include="scene.h">
      <Filter>Header Files</Filter>
    </ClInclude>
    <ClInclude Include="scene2d.h">
      <Filter>Header Files</Filter>
    </ClInclude>
    <ClInclude Include="score.h">
      <Filter>Header Files</Filter>
    </ClInclude>
    <ClInclude Include="sound.h">
      <Filter>Header Files</Filter>
    </ClInclude>
    <ClInclude Include="title.h">
      <Filter>Header Files</Filter>
    </ClInclude>
    <ClInclude Include="tutorial.h">
      <Filter>Header Files</Filter>
    </ClInclude>
    <ClInclude Include="warning.h">
      <Filter>Header Files</Filter>
    </ClInclude>
    <ClInclude Include="client_ranking.h">
      <Filter>Header Files</Filter>
    </ClInclude>
    <ClInclude Include="tcp_client.h">
      <Filter>Header Files</Filter>
    </ClInclude>
  </ItemGroup>
  <ItemGroup>
    <ClCompile Include="bg.cpp">
      <Filter>Source Files</Filter>
    </ClCompile>
    <ClCompile Include="bullet.cpp">
      <Filter>Source Files</Filter>
    </ClCompile>
    <ClCompile Include="controller.cpp">
      <Filter>Source Files</Filter>
    </ClCompile>
    <ClCompile Include="effect.cpp">
      <Filter>Source Files</Filter>
    </ClCompile>
    <ClCompile Include="enemy.cpp">
      <Filter>Source Files</Filter>
    </ClCompile>
    <ClCompile Include="explosion.cpp">
      <Filter>Source Files</Filter>
    </ClCompile>
    <ClCompile Include="fade.cpp">
      <Filter>Source Files</Filter>
    </ClCompile>
    <ClCompile Include="game.cpp">
      <Filter>Source Files</Filter>
    </ClCompile>
    <ClCompile Include="game_clear.cpp">
      <Filter>Source Files</Filter>
    </ClCompile>
    <ClCompile Include="game_over.cpp">
      <Filter>Source Files</Filter>
    </ClCompile>
    <ClCompile Include="input.cpp">
      <Filter>Source Files</Filter>
    </ClCompile>
    <ClCompile Include="item.cpp">
      <Filter>Source Files</Filter>
    </ClCompile>
    <ClCompile Include="keyboard.cpp">
      <Filter>Source Files</Filter>
    </ClCompile>
    <ClCompile Include="life.cpp">
      <Filter>Source Files</Filter>
    </ClCompile>
    <ClCompile Include="main.cpp">
      <Filter>Source Files</Filter>
    </ClCompile>
    <ClCompile Include="manager.cpp">
      <Filter>Source Files</Filter>
    </ClCompile>
    <ClCompile Include="pause.cpp">
      <Filter>Source Files</Filter>
    </ClCompile>
    <ClCompile Include="player.cpp">
      <Filter>Source Files</Filter>
    </ClCompile>
    <ClCompile Include="renderer.cpp">
      <Filter>Source Files</Filter>
    </ClCompile>
    <ClCompile Include="result.cpp">
      <Filter>Source Files</Filter>
    </ClCompile>
    <ClCompile Include="scene.cpp">
      <Filter>Source Files</Filter>
    </ClCompile>
    <ClCompile Include="scene2d.cpp">
      <Filter>Source Files</Filter>
    </ClCompile>
    <ClCompile Include="sound.cpp">
      <Filter>Source Files</Filter>
    </ClCompile>
    <ClCompile Include="score.cpp">
      <Filter>Source Files</Filter>
    </ClCompile>
    <ClCompile Include="title.cpp">
      <Filter>Source Files</Filter>
    </ClCompile>
    <ClCompile Include="tutorial.cpp">
      <Filter>Source Files</Filter>
    </ClCompile>
    <ClCompile Include="warning.cpp">
      <Filter>Source Files</Filter>
    </ClCompile>
    <ClCompile Include="client_ranking.cpp">
      <Filter>Source Files</Filter>
    </ClCompile>
    <ClCompile Include="tcp_client.cpp">
      <Filter>Source Files</Filter>
    </ClCompile>
  </ItemGroup>
</Project>