<?xml version="1.0" encoding="utf-8"?>
<Project ToolsVersion="4.0" xmlns="http://schemas.microsoft.com/developer/msbuild/2003">
  <ItemGroup>
    <Filter Include="Source Files">
      <UniqueIdentifier>{4FC737F1-C7A5-4376-A066-2A32D752A2FF}</UniqueIdentifier>
      <Extensions>cpp;c;cc;cxx;c++;cppm;ixx;def;odl;idl;hpj;bat;asm;asmx</Extensions>
    </Filter>
    <Filter Include="Header Files">
      <UniqueIdentifier>{93995380-89BD-4b04-88EB-625FBE52EBFB}</UniqueIdentifier>
      <Extensions>h;hh;hpp;hxx;h++;hm;inl;inc;ipp;xsd</Extensions>
    </Filter>
    <Filter Include="Resource Files">
      <UniqueIdentifier>{67DA6AB6-F800-4c08-8B7A-83BB121AAD01}</UniqueIdentifier>
      <Extensions>rc;ico;cur;bmp;dlg;rc2;rct;bin;rgs;gif;jpg;jpeg;jpe;resx;tiff;tif;png;wav;mfcribbon-ms</Extensions>
    </Filter>
    <Filter Include="Header Files\Input">
      <UniqueIdentifier>{b281e0cb-f46a-43e8-85a5-ede1b0813ffd}</UniqueIdentifier>
    </Filter>
    <Filter Include="Source Files\Input">
      <UniqueIdentifier>{233f3f33-4b9c-46f6-8bd9-c3936a423679}</UniqueIdentifier>
    </Filter>
    <Filter Include="Header Files\Mode">
      <UniqueIdentifier>{7be5dc76-795c-4687-b78b-396221a76e8d}</UniqueIdentifier>
    </Filter>
    <Filter Include="Source Files\Mode">
      <UniqueIdentifier>{1829e3c8-18c2-498b-bf7b-5a8638640543}</UniqueIdentifier>
    </Filter>
    <Filter Include="Header Files\System">
      <UniqueIdentifier>{6ed4e583-c691-4aeb-9451-73a8368a5279}</UniqueIdentifier>
    </Filter>
    <Filter Include="Source Files\System">
      <UniqueIdentifier>{25c3a90d-3931-4e96-81b0-bafd563def38}</UniqueIdentifier>
    </Filter>
    <Filter Include="Header Files\Scene">
      <UniqueIdentifier>{544e8651-80e2-4578-8a17-cf45a463378b}</UniqueIdentifier>
    </Filter>
    <Filter Include="Source Files\Scene">
      <UniqueIdentifier>{a11fb616-3a05-4c67-a05c-39addd3006bb}</UniqueIdentifier>
    </Filter>
    <Filter Include="Header Files\Scene\Character">
      <UniqueIdentifier>{b978c695-bfdb-49a3-af80-9740d7420304}</UniqueIdentifier>
    </Filter>
    <Filter Include="Header Files\Scene\Scene2D">
      <UniqueIdentifier>{5770a024-bc64-430f-8be3-bfae07ea7eb7}</UniqueIdentifier>
    </Filter>
    <Filter Include="Header Files\Scene\Scene3D">
      <UniqueIdentifier>{7c7e757a-310e-480e-98a2-10b796b42830}</UniqueIdentifier>
    </Filter>
    <Filter Include="Source Files\Scene\Character">
      <UniqueIdentifier>{35d29a00-7d6b-4004-97d8-a6b95fbc0096}</UniqueIdentifier>
    </Filter>
    <Filter Include="Source Files\Scene\Scene2D">
      <UniqueIdentifier>{4520bbc7-4a04-4081-8731-546c027a61ea}</UniqueIdentifier>
    </Filter>
    <Filter Include="Source Files\Scene\Scene3D">
      <UniqueIdentifier>{0c4169a7-0f54-437b-a132-00084cd1b858}</UniqueIdentifier>
    </Filter>
    <Filter Include="Source Files\Scene\Scene3D\particle">
      <UniqueIdentifier>{e379008f-ef8a-46e4-9916-09d0a7f88890}</UniqueIdentifier>
    </Filter>
    <Filter Include="Header Files\Scene\Scene3D\particle">
      <UniqueIdentifier>{b18e601c-470e-42b2-ac95-516a85ef66e8}</UniqueIdentifier>
    </Filter>
  </ItemGroup>
  <ItemGroup>
    <ClInclude Include="collision.h">
      <Filter>Header Files</Filter>
    </ClInclude>
    <ClInclude Include="loadmodeldata.h">
      <Filter>Header Files</Filter>
    </ClInclude>
    <ClInclude Include="model.h">
      <Filter>Header Files</Filter>
    </ClInclude>
    <ClInclude Include="motion.h">
      <Filter>Header Files</Filter>
    </ClInclude>
    <ClInclude Include="renderer.h">
      <Filter>Header Files\System</Filter>
    </ClInclude>
    <ClInclude Include="camera.h">
      <Filter>Header Files\System</Filter>
    </ClInclude>
    <ClInclude Include="light.h">
      <Filter>Header Files\System</Filter>
    </ClInclude>
    <ClInclude Include="main.h">
      <Filter>Header Files\System</Filter>
    </ClInclude>
    <ClInclude Include="manager.h">
      <Filter>Header Files\System</Filter>
    </ClInclude>
    <ClInclude Include="sound.h">
      <Filter>Header Files\System</Filter>
    </ClInclude>
    <ClInclude Include="input.h">
      <Filter>Header Files\Input</Filter>
    </ClInclude>
    <ClInclude Include="keyboard.h">
      <Filter>Header Files\Input</Filter>
    </ClInclude>
    <ClInclude Include="joystick.h">
      <Filter>Header Files\Input</Filter>
    </ClInclude>
    <ClInclude Include="game.h">
      <Filter>Header Files\Mode</Filter>
    </ClInclude>
    <ClInclude Include="gameover.h">
      <Filter>Header Files\Mode</Filter>
    </ClInclude>
    <ClInclude Include="title.h">
      <Filter>Header Files\Mode</Filter>
    </ClInclude>
    <ClInclude Include="result.h">
      <Filter>Header Files\Mode</Filter>
    </ClInclude>
    <ClInclude Include="tutorial.h">
      <Filter>Header Files\Mode</Filter>
    </ClInclude>
    <ClInclude Include="mode.h">
      <Filter>Header Files\Mode</Filter>
    </ClInclude>
    <ClInclude Include="billboard.h">
      <Filter>Header Files\Scene</Filter>
    </ClInclude>
    <ClInclude Include="character.h">
      <Filter>Header Files\Scene</Filter>
    </ClInclude>
    <ClInclude Include="map.h">
      <Filter>Header Files\Scene</Filter>
    </ClInclude>
    <ClInclude Include="number.h">
      <Filter>Header Files\Scene</Filter>
    </ClInclude>
    <ClInclude Include="scene.h">
      <Filter>Header Files\Scene</Filter>
    </ClInclude>
    <ClInclude Include="scene2d.h">
      <Filter>Header Files\Scene</Filter>
    </ClInclude>
    <ClInclude Include="scene3d.h">
      <Filter>Header Files\Scene</Filter>
    </ClInclude>
    <ClInclude Include="enemy.h">
      <Filter>Header Files\Scene\Character</Filter>
    </ClInclude>
    <ClInclude Include="player.h">
      <Filter>Header Files\Scene\Character</Filter>
    </ClInclude>
    <ClInclude Include="fade.h">
      <Filter>Header Files\Scene\Scene2D</Filter>
    </ClInclude>
    <ClInclude Include="ui.h">
      <Filter>Header Files\Scene\Scene2D</Filter>
    </ClInclude>
    <ClInclude Include="enemydeatheffect.h">
      <Filter>Header Files\Scene\Scene3D\particle</Filter>
    </ClInclude>
    <ClInclude Include="fire.h">
      <Filter>Header Files\Scene\Scene3D\particle</Filter>
    </ClInclude>
    <ClInclude Include="hiteffect.h">
      <Filter>Header Files\Scene\Scene3D\particle</Filter>
    </ClInclude>
    <ClInclude Include="magiccircle.h">
      <Filter>Header Files\Scene\Scene3D\particle</Filter>
    </ClInclude>
    <ClInclude Include="particle.h">
      <Filter>Header Files\Scene\Scene3D\particle</Filter>
    </ClInclude>
    <ClInclude Include="slash.h">
      <Filter>Header Files\Scene\Scene3D\particle</Filter>
    </ClInclude>
    <ClInclude Include="specialattackeffect.h">
      <Filter>Header Files\Scene\Scene3D\particle</Filter>
    </ClInclude>
    <ClInclude Include="swordeffect.h">
      <Filter>Header Files\Scene\Scene3D\particle</Filter>
    </ClInclude>
    <ClInclude Include="skybox.h">
      <Filter>Header Files\Scene\Scene3D</Filter>
    </ClInclude>
    <ClInclude Include="debugcollision.h">
      <Filter>Header Files\Scene\Scene3D</Filter>
    </ClInclude>
  </ItemGroup>
  <ItemGroup>
    <ClCompile Include="collision.cpp">
      <Filter>Source Files</Filter>
    </ClCompile>
    <ClCompile Include="loadmodeldata.cpp">
      <Filter>Source Files</Filter>
    </ClCompile>
    <ClCompile Include="model.cpp">
      <Filter>Source Files</Filter>
    </ClCompile>
    <ClCompile Include="motion.cpp">
      <Filter>Source Files</Filter>
    </ClCompile>
    <ClCompile Include="renderer.cpp">
      <Filter>Source Files\System</Filter>
    </ClCompile>
    <ClCompile Include="camera.cpp">
      <Filter>Source Files\System</Filter>
    </ClCompile>
    <ClCompile Include="light.cpp">
      <Filter>Source Files\System</Filter>
    </ClCompile>
    <ClCompile Include="main.cpp">
      <Filter>Source Files\System</Filter>
    </ClCompile>
    <ClCompile Include="sound.cpp">
      <Filter>Source Files\System</Filter>
    </ClCompile>
    <ClCompile Include="manager.cpp">
      <Filter>Source Files\System</Filter>
    </ClCompile>
    <ClCompile Include="input.cpp">
      <Filter>Source Files\Input</Filter>
    </ClCompile>
    <ClCompile Include="keyboard.cpp">
      <Filter>Source Files\Input</Filter>
    </ClCompile>
    <ClCompile Include="joystick.cpp">
      <Filter>Source Files\Input</Filter>
    </ClCompile>
    <ClCompile Include="game.cpp">
      <Filter>Source Files\Mode</Filter>
    </ClCompile>
    <ClCompile Include="gameover.cpp">
      <Filter>Source Files\Mode</Filter>
    </ClCompile>
    <ClCompile Include="mode.cpp">
      <Filter>Source Files\Mode</Filter>
    </ClCompile>
    <ClCompile Include="result.cpp">
      <Filter>Source Files\Mode</Filter>
    </ClCompile>
    <ClCompile Include="title.cpp">
      <Filter>Source Files\Mode</Filter>
    </ClCompile>
    <ClCompile Include="tutorial.cpp">
      <Filter>Source Files\Mode</Filter>
    </ClCompile>
    <ClCompile Include="billboard.cpp">
      <Filter>Source Files\Scene</Filter>
    </ClCompile>
    <ClCompile Include="character.cpp">
      <Filter>Source Files\Scene</Filter>
    </ClCompile>
    <ClCompile Include="map.cpp">
      <Filter>Source Files\Scene</Filter>
    </ClCompile>
    <ClCompile Include="number.cpp">
      <Filter>Source Files\Scene</Filter>
    </ClCompile>
    <ClCompile Include="scene.cpp">
      <Filter>Source Files\Scene</Filter>
    </ClCompile>
    <ClCompile Include="scene2d.cpp">
      <Filter>Source Files\Scene</Filter>
    </ClCompile>
    <ClCompile Include="scene3d.cpp">
      <Filter>Source Files\Scene</Filter>
    </ClCompile>
    <ClCompile Include="player.cpp">
      <Filter>Source Files\Scene\Character</Filter>
    </ClCompile>
    <ClCompile Include="enemy.cpp">
      <Filter>Source Files\Scene\Character</Filter>
    </ClCompile>
    <ClCompile Include="fade.cpp">
      <Filter>Source Files\Scene\Scene2D</Filter>
    </ClCompile>
    <ClCompile Include="ui.cpp">
      <Filter>Source Files\Scene\Scene2D</Filter>
    </ClCompile>
    <ClCompile Include="skybox.cpp">
      <Filter>Source Files\Scene\Scene3D</Filter>
    </ClCompile>
    <ClCompile Include="debugcollision.cpp">
      <Filter>Source Files\Scene\Scene3D</Filter>
    </ClCompile>
    <ClCompile Include="enemydeatheffect.cpp">
      <Filter>Source Files\Scene\Scene3D\particle</Filter>
    </ClCompile>
    <ClCompile Include="fire.cpp">
      <Filter>Source Files\Scene\Scene3D\particle</Filter>
    </ClCompile>
    <ClCompile Include="hiteffect.cpp">
      <Filter>Source Files\Scene\Scene3D\particle</Filter>
    </ClCompile>
    <ClCompile Include="magiccircle.cpp">
      <Filter>Source Files\Scene\Scene3D\particle</Filter>
    </ClCompile>
    <ClCompile Include="particle.cpp">
      <Filter>Source Files\Scene\Scene3D\particle</Filter>
    </ClCompile>
    <ClCompile Include="slash.cpp">
      <Filter>Source Files\Scene\Scene3D\particle</Filter>
    </ClCompile>
    <ClCompile Include="specialattackeffect.cpp">
      <Filter>Source Files\Scene\Scene3D\particle</Filter>
    </ClCompile>
    <ClCompile Include="swordeffect.cpp">
      <Filter>Source Files\Scene\Scene3D\particle</Filter>
    </ClCompile>
  </ItemGroup>
</Project>